
Microsoft Visual Studio Solution File, Format Version 12.00
# Visual Studio Version 16
VisualStudioVersion = 16.0.29709.97
MinimumVisualStudioVersion = 10.0.40219.1
Project("{9A19103F-16F7-4668-BE54-9A1E7A4F7556}") = "LeilaoApi", "LeilaoApi\LeilaoApi.csproj", "{87C34293-4722-459E-B8A9-78DDF16C9D15}"
EndProject
Project("{FAE04EC0-301F-11D3-BF4B-00C04F79EFBC}") = "LeilaoApi.Test", "LeilaoApi.Test\LeilaoApi.Test.csproj", "{D1615638-D4FF-4E90-ABCA-B5BCDA9463DA}"
EndProject
Global
	GlobalSection(SolutionConfigurationPlatforms) = preSolution
		Debug|Any CPU = Debug|Any CPU
		Release|Any CPU = Release|Any CPU
	EndGlobalSection
	GlobalSection(ProjectConfigurationPlatforms) = postSolution
		{87C34293-4722-459E-B8A9-78DDF16C9D15}.Debug|Any CPU.ActiveCfg = Debug|Any CPU
		{87C34293-4722-459E-B8A9-78DDF16C9D15}.Debug|Any CPU.Build.0 = Debug|Any CPU
		{87C34293-4722-459E-B8A9-78DDF16C9D15}.Release|Any CPU.ActiveCfg = Release|Any CPU
		{87C34293-4722-459E-B8A9-78DDF16C9D15}.Release|Any CPU.Build.0 = Release|Any CPU
		{D1615638-D4FF-4E90-ABCA-B5BCDA9463DA}.Debug|Any CPU.ActiveCfg = Debug|Any CPU
		{D1615638-D4FF-4E90-ABCA-B5BCDA9463DA}.Debug|Any CPU.Build.0 = Debug|Any CPU
		{D1615638-D4FF-4E90-ABCA-B5BCDA9463DA}.Release|Any CPU.ActiveCfg = Release|Any CPU
		{D1615638-D4FF-4E90-ABCA-B5BCDA9463DA}.Release|Any CPU.Build.0 = Release|Any CPU
	EndGlobalSection
	GlobalSection(SolutionProperties) = preSolution
		HideSolutionNode = FALSE
	EndGlobalSection
	GlobalSection(ExtensibilityGlobals) = postSolution
		SolutionGuid = {E60D200F-20BA-4EF1-95EB-ACFBF75AFF6E}
	EndGlobalSection
EndGlobal
